// !$*UTF8*$!
{
	archiveVersion = 1;
	classes = {
	};
	objectVersion = 50;
	objects = {

/* Begin PBXBuildFile section */
		B318C4A2224302B0006E4232 /* AppDelegate.swift in Sources */ = {isa = PBXBuildFile; fileRef = B318C4A1224302B0006E4232 /* AppDelegate.swift */; };
		B318C4A4224302B0006E4232 /* FirstViewController.swift in Sources */ = {isa = PBXBuildFile; fileRef = B318C4A3224302B0006E4232 /* FirstViewController.swift */; };
		B318C4A6224302B0006E4232 /* SecondViewController.swift in Sources */ = {isa = PBXBuildFile; fileRef = B318C4A5224302B0006E4232 /* SecondViewController.swift */; };
		B318C4A9224302B0006E4232 /* Main.storyboard in Resources */ = {isa = PBXBuildFile; fileRef = B318C4A7224302B0006E4232 /* Main.storyboard */; };
		B318C4AB224302B2006E4232 /* Assets.xcassets in Resources */ = {isa = PBXBuildFile; fileRef = B318C4AA224302B2006E4232 /* Assets.xcassets */; };
		B318C4AE224302B2006E4232 /* LaunchScreen.storyboard in Resources */ = {isa = PBXBuildFile; fileRef = B318C4AC224302B2006E4232 /* LaunchScreen.storyboard */; };
		B318C4B9224302B2006E4232 /* TaskManagerTests.swift in Sources */ = {isa = PBXBuildFile; fileRef = B318C4B8224302B2006E4232 /* TaskManagerTests.swift */; };
		B318C4C4224302B2006E4232 /* TaskManagerUITests.swift in Sources */ = {isa = PBXBuildFile; fileRef = B318C4C3224302B2006E4232 /* TaskManagerUITests.swift */; };
		B31A72E32249ECFC0009A1FF /* thirdViewController.swift in Sources */ = {isa = PBXBuildFile; fileRef = B31A72E22249ECFC0009A1FF /* thirdViewController.swift */; };
/* End PBXBuildFile section */

/* Begin PBXContainerItemProxy section */
		B318C4B5224302B2006E4232 /* PBXContainerItemProxy */ = {
			isa = PBXContainerItemProxy;
			containerPortal = B318C496224302B0006E4232 /* Project object */;
			proxyType = 1;
			remoteGlobalIDString = B318C49D224302B0006E4232;
			remoteInfo = TaskManager;
		};
		B318C4C0224302B2006E4232 /* PBXContainerItemProxy */ = {
			isa = PBXContainerItemProxy;
			containerPortal = B318C496224302B0006E4232 /* Project object */;
			proxyType = 1;
			remoteGlobalIDString = B318C49D224302B0006E4232;
			remoteInfo = TaskManager;
		};
/* End PBXContainerItemProxy section */

/* Begin PBXFileReference section */
		B318C49E224302B0006E4232 /* TaskManager.app */ = {isa = PBXFileReference; explicitFileType = wrapper.application; includeInIndex = 0; path = TaskManager.app; sourceTree = BUILT_PRODUCTS_DIR; };
		B318C4A1224302B0006E4232 /* AppDelegate.swift */ = {isa = PBXFileReference; lastKnownFileType = sourcecode.swift; path = AppDelegate.swift; sourceTree = "<group>"; };
		B318C4A3224302B0006E4232 /* FirstViewController.swift */ = {isa = PBXFileReference; lastKnownFileType = sourcecode.swift; path = FirstViewController.swift; sourceTree = "<group>"; };
		B318C4A5224302B0006E4232 /* SecondViewController.swift */ = {isa = PBXFileReference; lastKnownFileType = sourcecode.swift; path = SecondViewController.swift; sourceTree = "<group>"; };
		B318C4A8224302B0006E4232 /* Base */ = {isa = PBXFileReference; lastKnownFileType = file.storyboard; name = Base; path = Base.lproj/Main.storyboard; sourceTree = "<group>"; };
		B318C4AA224302B2006E4232 /* Assets.xcassets */ = {isa = PBXFileReference; lastKnownFileType = folder.assetcatalog; path = Assets.xcassets; sourceTree = "<group>"; };
		B318C4AD224302B2006E4232 /* Base */ = {isa = PBXFileReference; lastKnownFileType = file.storyboard; name = Base; path = Base.lproj/LaunchScreen.storyboard; sourceTree = "<group>"; };
		B318C4AF224302B2006E4232 /* Info.plist */ = {isa = PBXFileReference; lastKnownFileType = text.plist.xml; path = Info.plist; sourceTree = "<group>"; };
		B318C4B4224302B2006E4232 /* TaskManagerTests.xctest */ = {isa = PBXFileReference; explicitFileType = wrapper.cfbundle; includeInIndex = 0; path = TaskManagerTests.xctest; sourceTree = BUILT_PRODUCTS_DIR; };
		B318C4B8224302B2006E4232 /* TaskManagerTests.swift */ = {isa = PBXFileReference; lastKnownFileType = sourcecode.swift; path = TaskManagerTests.swift; sourceTree = "<group>"; };
		B318C4BA224302B2006E4232 /* Info.plist */ = {isa = PBXFileReference; lastKnownFileType = text.plist.xml; path = Info.plist; sourceTree = "<group>"; };
		B318C4BF224302B2006E4232 /* TaskManagerUITests.xctest */ = {isa = PBXFileReference; explicitFileType = wrapper.cfbundle; includeInIndex = 0; path = TaskManagerUITests.xctest; sourceTree = BUILT_PRODUCTS_DIR; };
		B318C4C3224302B2006E4232 /* TaskManagerUITests.swift */ = {isa = PBXFileReference; lastKnownFileType = sourcecode.swift; path = TaskManagerUITests.swift; sourceTree = "<group>"; };
		B318C4C5224302B2006E4232 /* Info.plist */ = {isa = PBXFileReference; lastKnownFileType = text.plist.xml; path = Info.plist; sourceTree = "<group>"; };
		B31A72E22249ECFC0009A1FF /* thirdViewController.swift */ = {isa = PBXFileReference; lastKnownFileType = sourcecode.swift; path = thirdViewController.swift; sourceTree = "<group>"; };
/* End PBXFileReference section */

/* Begin PBXFrameworksBuildPhase section */
		B318C49B224302B0006E4232 /* Frameworks */ = {
			isa = PBXFrameworksBuildPhase;
			buildActionMask = 2147483647;
			files = (
			);
			runOnlyForDeploymentPostprocessing = 0;
		};
		B318C4B1224302B2006E4232 /* Frameworks */ = {
			isa = PBXFrameworksBuildPhase;
			buildActionMask = 2147483647;
			files = (
			);
			runOnlyForDeploymentPostprocessing = 0;
		};
		B318C4BC224302B2006E4232 /* Frameworks */ = {
			isa = PBXFrameworksBuildPhase;
			buildActionMask = 2147483647;
			files = (
			);
			runOnlyForDeploymentPostprocessing = 0;
		};
/* End PBXFrameworksBuildPhase section */

/* Begin PBXGroup section */
		B318C495224302B0006E4232 = {
			isa = PBXGroup;
			children = (
				B318C4A0224302B0006E4232 /* TaskManager */,
				B318C4B7224302B2006E4232 /* TaskManagerTests */,
				B318C4C2224302B2006E4232 /* TaskManagerUITests */,
				B318C49F224302B0006E4232 /* Products */,
			);
			sourceTree = "<group>";
		};
		B318C49F224302B0006E4232 /* Products */ = {
			isa = PBXGroup;
			children = (
				B318C49E224302B0006E4232 /* TaskManager.app */,
				B318C4B4224302B2006E4232 /* TaskManagerTests.xctest */,
				B318C4BF224302B2006E4232 /* TaskManagerUITests.xctest */,
			);
			name = Products;
			sourceTree = "<group>";
		};
		B318C4A0224302B0006E4232 /* TaskManager */ = {
			isa = PBXGroup;
			children = (
				B318C4A1224302B0006E4232 /* AppDelegate.swift */,
				B318C4A3224302B0006E4232 /* FirstViewController.swift */,
				B318C4A5224302B0006E4232 /* SecondViewController.swift */,
				B318C4A7224302B0006E4232 /* Main.storyboard */,
				B318C4AA224302B2006E4232 /* Assets.xcassets */,
				B318C4AC224302B2006E4232 /* LaunchScreen.storyboard */,
				B318C4AF224302B2006E4232 /* Info.plist */,
				B31A72E22249ECFC0009A1FF /* thirdViewController.swift */,
			);
			path = TaskManager;
			sourceTree = "<group>";
		};
		B318C4B7224302B2006E4232 /* TaskManagerTests */ = {
			isa = PBXGroup;
			children = (
				B318C4B8224302B2006E4232 /* TaskManagerTests.swift */,
				B318C4BA224302B2006E4232 /* Info.plist */,
			);
			path = TaskManagerTests;
			sourceTree = "<group>";
		};
		B318C4C2224302B2006E4232 /* TaskManagerUITests */ = {
			isa = PBXGroup;
			children = (
				B318C4C3224302B2006E4232 /* TaskManagerUITests.swift */,
				B318C4C5224302B2006E4232 /* Info.plist */,
			);
			path = TaskManagerUITests;
			sourceTree = "<group>";
		};
/* End PBXGroup section */

/* Begin PBXNativeTarget section */
		B318C49D224302B0006E4232 /* TaskManager */ = {
			isa = PBXNativeTarget;
			buildConfigurationList = B318C4C8224302B2006E4232 /* Build configuration list for PBXNativeTarget "TaskManager" */;
			buildPhases = (
				B318C49A224302B0006E4232 /* Sources */,
				B318C49B224302B0006E4232 /* Frameworks */,
				B318C49C224302B0006E4232 /* Resources */,
			);
			buildRules = (
			);
			dependencies = (
			);
			name = TaskManager;
			productName = TaskManager;
			productReference = B318C49E224302B0006E4232 /* TaskManager.app */;
			productType = "com.apple.product-type.application";
		};
		B318C4B3224302B2006E4232 /* TaskManagerTests */ = {
			isa = PBXNativeTarget;
			buildConfigurationList = B318C4CB224302B2006E4232 /* Build configuration list for PBXNativeTarget "TaskManagerTests" */;
			buildPhases = (
				B318C4B0224302B2006E4232 /* Sources */,
				B318C4B1224302B2006E4232 /* Frameworks */,
				B318C4B2224302B2006E4232 /* Resources */,
			);
			buildRules = (
			);
			dependencies = (
				B318C4B6224302B2006E4232 /* PBXTargetDependency */,
			);
			name = TaskManagerTests;
			productName = TaskManagerTests;
			productReference = B318C4B4224302B2006E4232 /* TaskManagerTests.xctest */;
			productType = "com.apple.product-type.bundle.unit-test";
		};
		B318C4BE224302B2006E4232 /* TaskManagerUITests */ = {
			isa = PBXNativeTarget;
			buildConfigurationList = B318C4CE224302B2006E4232 /* Build configuration list for PBXNativeTarget "TaskManagerUITests" */;
			buildPhases = (
				B318C4BB224302B2006E4232 /* Sources */,
				B318C4BC224302B2006E4232 /* Frameworks */,
				B318C4BD224302B2006E4232 /* Resources */,
			);
			buildRules = (
			);
			dependencies = (
				B318C4C1224302B2006E4232 /* PBXTargetDependency */,
			);
			name = TaskManagerUITests;
			productName = TaskManagerUITests;
			productReference = B318C4BF224302B2006E4232 /* TaskManagerUITests.xctest */;
			productType = "com.apple.product-type.bundle.ui-testing";
		};
/* End PBXNativeTarget section */

/* Begin PBXProject section */
		B318C496224302B0006E4232 /* Project object */ = {
			isa = PBXProject;
			attributes = {
				LastSwiftUpdateCheck = 1010;
				LastUpgradeCheck = 1010;
				ORGANIZATIONNAME = tecton;
				TargetAttributes = {
					B318C49D224302B0006E4232 = {
						CreatedOnToolsVersion = 10.1;
					};
					B318C4B3224302B2006E4232 = {
						CreatedOnToolsVersion = 10.1;
						TestTargetID = B318C49D224302B0006E4232;
					};
					B318C4BE224302B2006E4232 = {
						CreatedOnToolsVersion = 10.1;
						TestTargetID = B318C49D224302B0006E4232;
					};
				};
			};
			buildConfigurationList = B318C499224302B0006E4232 /* Build configuration list for PBXProject "TaskManager" */;
			compatibilityVersion = "Xcode 9.3";
			developmentRegion = en;
			hasScannedForEncodings = 0;
			knownRegions = (
				en,
				Base,
			);
			mainGroup = B318C495224302B0006E4232;
			productRefGroup = B318C49F224302B0006E4232 /* Products */;
			projectDirPath = "";
			projectRoot = "";
			targets = (
				B318C49D224302B0006E4232 /* TaskManager */,
				B318C4B3224302B2006E4232 /* TaskManagerTests */,
				B318C4BE224302B2006E4232 /* TaskManagerUITests */,
			);
		};
/* End PBXProject section */

/* Begin PBXResourcesBuildPhase section */
		B318C49C224302B0006E4232 /* Resources */ = {
			isa = PBXResourcesBuildPhase;
			buildActionMask = 2147483647;
			files = (
				B318C4AE224302B2006E4232 /* LaunchScreen.storyboard in Resources */,
				B318C4AB224302B2006E4232 /* Assets.xcassets in Resources */,
				B318C4A9224302B0006E4232 /* Main.storyboard in Resources */,
			);
			runOnlyForDeploymentPostprocessing = 0;
		};
		B318C4B2224302B2006E4232 /* Resources */ = {
			isa = PBXResourcesBuildPhase;
			buildActionMask = 2147483647;
			files = (
			);
			runOnlyForDeploymentPostprocessing = 0;
		};
		B318C4BD224302B2006E4232 /* Resources */ = {
			isa = PBXResourcesBuildPhase;
			buildActionMask = 2147483647;
			files = (
			);
			runOnlyForDeploymentPostprocessing = 0;
		};
/* End PBXResourcesBuildPhase section */

/* Begin PBXSourcesBuildPhase section */
		B318C49A224302B0006E4232 /* Sources */ = {
			isa = PBXSourcesBuildPhase;
			buildActionMask = 2147483647;
			files = (
				B318C4A6224302B0006E4232 /* SecondViewController.swift in Sources */,
				B318C4A2224302B0006E4232 /* AppDelegate.swift in Sources */,
				B31A72E32249ECFC0009A1FF /* thirdViewController.swift in Sources */,
				B318C4A4224302B0006E4232 /* FirstViewController.swift in Sources */,
			);
			runOnlyForDeploymentPostprocessing = 0;
		};
		B318C4B0224302B2006E4232 /* Sources */ = {
			isa = PBXSourcesBuildPhase;
			buildActionMask = 2147483647;
			files = (
				B318C4B9224302B2006E4232 /* TaskManagerTests.swift in Sources */,
			);
			runOnlyForDeploymentPostprocessing = 0;
		};
		B318C4BB224302B2006E4232 /* Sources */ = {
			isa = PBXSourcesBuildPhase;
			buildActionMask = 2147483647;
			files = (
				B318C4C4224302B2006E4232 /* TaskManagerUITests.swift in Sources */,
			);
			runOnlyForDeploymentPostprocessing = 0;
		};
/* End PBXSourcesBuildPhase section */

/* Begin PBXTargetDependency section */
		B318C4B6224302B2006E4232 /* PBXTargetDependency */ = {
			isa = PBXTargetDependency;
			target = B318C49D224302B0006E4232 /* TaskManager */;
			targetProxy = B318C4B5224302B2006E4232 /* PBXContainerItemProxy */;
		};
		B318C4C1224302B2006E4232 /* PBXTargetDependency */ = {
			isa = PBXTargetDependency;
			target = B318C49D224302B0006E4232 /* TaskManager */;
			targetProxy = B318C4C0224302B2006E4232 /* PBXContainerItemProxy */;
		};
/* End PBXTargetDependency section */

/* Begin PBXVariantGroup section */
		B318C4A7224302B0006E4232 /* Main.storyboard */ = {
			isa = PBXVariantGroup;
			children = (
				B318C4A8224302B0006E4232 /* Base */,
			);
			name = Main.storyboard;
			sourceTree = "<group>";
		};
		B318C4AC224302B2006E4232 /* LaunchScreen.storyboard */ = {
			isa = PBXVariantGroup;
			children = (
				B318C4AD224302B2006E4232 /* Base */,
			);
			name = LaunchScreen.storyboard;
			sourceTree = "<group>";
		};
/* End PBXVariantGroup section */

/* Begin XCBuildConfiguration section */
		B318C4C6224302B2006E4232 /* Debug */ = {
			isa = XCBuildConfiguration;
			buildSettings = {
				ALWAYS_SEARCH_USER_PATHS = NO;
				CLANG_ANALYZER_NONNULL = YES;
				CLANG_ANALYZER_NUMBER_OBJECT_CONVERSION = YES_AGGRESSIVE;
				CLANG_CXX_LANGUAGE_STANDARD = "gnu++14";
				CLANG_CXX_LIBRARY = "libc++";
				CLANG_ENABLE_MODULES = YES;
				CLANG_ENABLE_OBJC_ARC = YES;
				CLANG_ENABLE_OBJC_WEAK = YES;
				CLANG_WARN_BLOCK_CAPTURE_AUTORELEASING = YES;
				CLANG_WARN_BOOL_CONVERSION = YES;
				CLANG_WARN_COMMA = YES;
				CLANG_WARN_CONSTANT_CONVERSION = YES;
				CLANG_WARN_DEPRECATED_OBJC_IMPLEMENTATIONS = YES;
				CLANG_WARN_DIRECT_OBJC_ISA_USAGE = YES_ERROR;
				CLANG_WARN_DOCUMENTATION_COMMENTS = YES;
				CLANG_WARN_EMPTY_BODY = YES;
				CLANG_WARN_ENUM_CONVERSION = YES;
				CLANG_WARN_INFINITE_RECURSION = YES;
				CLANG_WARN_INT_CONVERSION = YES;
				CLANG_WARN_NON_LITERAL_NULL_CONVERSION = YES;
				CLANG_WARN_OBJC_IMPLICIT_RETAIN_SELF = YES;
				CLANG_WARN_OBJC_LITERAL_CONVERSION = YES;
				CLANG_WARN_OBJC_ROOT_CLASS = YES_ERROR;
				CLANG_WARN_RANGE_LOOP_ANALYSIS = YES;
				CLANG_WARN_STRICT_PROTOTYPES = YES;
				CLANG_WARN_SUSPICIOUS_MOVE = YES;
				CLANG_WARN_UNGUARDED_AVAILABILITY = YES_AGGRESSIVE;
				CLANG_WARN_UNREACHABLE_CODE = YES;
				CLANG_WARN__DUPLICATE_METHOD_MATCH = YES;
				CODE_SIGN_IDENTITY = "iPhone Developer";
				COPY_PHASE_STRIP = NO;
				DEBUG_INFORMATION_FORMAT = dwarf;
				ENABLE_STRICT_OBJC_MSGSEND = YES;
				ENABLE_TESTABILITY = YES;
				GCC_C_LANGUAGE_STANDARD = gnu11;
				GCC_DYNAMIC_NO_PIC = NO;
				GCC_NO_COMMON_BLOCKS = YES;
				GCC_OPTIMIZATION_LEVEL = 0;
				GCC_PREPROCESSOR_DEFINITIONS = (
					"DEBUG=1",
					"$(inherited)",
				);
				GCC_WARN_64_TO_32_BIT_CONVERSION = YES;
				GCC_WARN_ABOUT_RETURN_TYPE = YES_ERROR;
				GCC_WARN_UNDECLARED_SELECTOR = YES;
				GCC_WARN_UNINITIALIZED_AUTOS = YES_AGGRESSIVE;
				GCC_WARN_UNUSED_FUNCTION = YES;
				GCC_WARN_UNUSED_VARIABLE = YES;
				IPHONEOS_DEPLOYMENT_TARGET = 12.1;
				MTL_ENABLE_DEBUG_INFO = INCLUDE_SOURCE;
				MTL_FAST_MATH = YES;
				ONLY_ACTIVE_ARCH = YES;
				SDKROOT = iphoneos;
				SWIFT_ACTIVE_COMPILATION_CONDITIONS = DEBUG;
				SWIFT_OPTIMIZATION_LEVEL = "-Onone";
			};
			name = Debug;
		};
		B318C4C7224302B2006E4232 /* Release */ = {
			isa = XCBuildConfiguration;
			buildSettings = {
				ALWAYS_SEARCH_USER_PATHS = NO;
				CLANG_ANALYZER_NONNULL = YES;
				CLANG_ANALYZER_NUMBER_OBJECT_CONVERSION = YES_AGGRESSIVE;
				CLANG_CXX_LANGUAGE_STANDARD = "gnu++14";
				CLANG_CXX_LIBRARY = "libc++";
				CLANG_ENABLE_MODULES = YES;
				CLANG_ENABLE_OBJC_ARC = YES;
				CLANG_ENABLE_OBJC_WEAK = YES;
				CLANG_WARN_BLOCK_CAPTURE_AUTORELEASING = YES;
				CLANG_WARN_BOOL_CONVERSION = YES;
				CLANG_WARN_COMMA = YES;
				CLANG_WARN_CONSTANT_CONVERSION = YES;
				CLANG_WARN_DEPRECATED_OBJC_IMPLEMENTATIONS = YES;
				CLANG_WARN_DIRECT_OBJC_ISA_USAGE = YES_ERROR;
				CLANG_WARN_DOCUMENTATION_COMMENTS = YES;
				CLANG_WARN_EMPTY_BODY = YES;
				CLANG_WARN_ENUM_CONVERSION = YES;
				CLANG_WARN_INFINITE_RECURSION = YES;
				CLANG_WARN_INT_CONVERSION = YES;
				CLANG_WARN_NON_LITERAL_NULL_CONVERSION = YES;
				CLANG_WARN_OBJC_IMPLICIT_RETAIN_SELF = YES;
				CLANG_WARN_OBJC_LITERAL_CONVERSION = YES;
				CLANG_WARN_OBJC_ROOT_CLASS = YES_ERROR;
				CLANG_WARN_RANGE_LOOP_ANALYSIS = YES;
				CLANG_WARN_STRICT_PROTOTYPES = YES;
				CLANG_WARN_SUSPICIOUS_MOVE = YES;
				CLANG_WARN_UNGUARDED_AVAILABILITY = YES_AGGRESSIVE;
				CLANG_WARN_UNREACHABLE_CODE = YES;
				CLANG_WARN__DUPLICATE_METHOD_MATCH = YES;
				CODE_SIGN_IDENTITY = "iPhone Developer";
				COPY_PHASE_STRIP = NO;
				DEBUG_INFORMATION_FORMAT = "dwarf-with-dsym";
				ENABLE_NS_ASSERTIONS = NO;
				ENABLE_STRICT_OBJC_MSGSEND = YES;
				GCC_C_LANGUAGE_STANDARD = gnu11;
				GCC_NO_COMMON_BLOCKS = YES;
				GCC_WARN_64_TO_32_BIT_CONVERSION = YES;
				GCC_WARN_ABOUT_RETURN_TYPE = YES_ERROR;
				GCC_WARN_UNDECLARED_SELECTOR = YES;
				GCC_WARN_UNINITIALIZED_AUTOS = YES_AGGRESSIVE;
				GCC_WARN_UNUSED_FUNCTION = YES;
				GCC_WARN_UNUSED_VARIABLE = YES;
				IPHONEOS_DEPLOYMENT_TARGET = 12.1;
				MTL_ENABLE_DEBUG_INFO = NO;
				MTL_FAST_MATH = YES;
				SDKROOT = iphoneos;
				SWIFT_COMPILATION_MODE = wholemodule;
				SWIFT_OPTIMIZATION_LEVEL = "-O";
				VALIDATE_PRODUCT = YES;
			};
			name = Release;
		};
		B318C4C9224302B2006E4232 /* Debug */ = {
			isa = XCBuildConfiguration;
			buildSettings = {
				ASSETCATALOG_COMPILER_APPICON_NAME = AppIcon;
				CODE_SIGN_STYLE = Automatic;
				DEVELOPMENT_TEAM = WSM8BL84QX;
				INFOPLIST_FILE = TaskManager/Info.plist;
				IPHONEOS_DEPLOYMENT_TARGET = 9.0;
				LD_RUNPATH_SEARCH_PATHS = (
					"$(inherited)",
					"@executable_path/Frameworks",
				);
				PRODUCT_BUNDLE_IDENTIFIER = tk.TaskManager;
				PRODUCT_NAME = "$(TARGET_NAME)";
				SWIFT_VERSION = 4.2;
				TARGETED_DEVICE_FAMILY = "1,2";
			};
			name = Debug;
		};
		B318C4CA224302B2006E4232 /* Release */ = {
			isa = XCBuildConfiguration;
			buildSettings = {
				ASSETCATALOG_COMPILER_APPICON_NAME = AppIcon;
				CODE_SIGN_STYLE = Automatic;
				DEVELOPMENT_TEAM = WSM8BL84QX;
				INFOPLIST_FILE = TaskManager/Info.plist;
				IPHONEOS_DEPLOYMENT_TARGET = 9.0;
				LD_RUNPATH_SEARCH_PATHS = (
					"$(inherited)",
					"@executable_path/Frameworks",
				);
				PRODUCT_BUNDLE_IDENTIFIER = tk.TaskManager;
				PRODUCT_NAME = "$(TARGET_NAME)";
				SWIFT_VERSION = 4.2;
				TARGETED_DEVICE_FAMILY = "1,2";
			};
			name = Release;
		};
		B318C4CC224302B2006E4232 /* Debug */ = {
			isa = XCBuildConfiguration;
			buildSettings = {
				ALWAYS_EMBED_SWIFT_STANDARD_LIBRARIES = YES;
				BUNDLE_LOADER = "$(TEST_HOST)";
				CODE_SIGN_STYLE = Automatic;
				DEVELOPMENT_TEAM = WSM8BL84QX;
				INFOPLIST_FILE = TaskManagerTests/Info.plist;
				LD_RUNPATH_SEARCH_PATHS = (
					"$(inherited)",
					"@executable_path/Frameworks",
					"@loader_path/Frameworks",
				);
				PRODUCT_BUNDLE_IDENTIFIER = tk.TaskManagerTests;
				PRODUCT_NAME = "$(TARGET_NAME)";
				SWIFT_VERSION = 4.2;
				TARGETED_DEVICE_FAMILY = "1,2";
				TEST_HOST = "$(BUILT_PRODUCTS_DIR)/TaskManager.app/TaskManager";
			};
			name = Debug;
		};
		B318C4CD224302B2006E4232 /* Release */ = {
			isa = XCBuildConfiguration;
			buildSettings = {
				ALWAYS_EMBED_SWIFT_STANDARD_LIBRARIES = YES;
				BUNDLE_LOADER = "$(TEST_HOST)";
				CODE_SIGN_STYLE = Automatic;
				DEVELOPMENT_TEAM = WSM8BL84QX;
				INFOPLIST_FILE = TaskManagerTests/Info.plist;
				LD_RUNPATH_SEARCH_PATHS = (
					"$(inherited)",
					"@executable_path/Frameworks",
					"@loader_path/Frameworks",
				);
				PRODUCT_BUNDLE_IDENTIFIER = tk.TaskManagerTests;
				PRODUCT_NAME = "$(TARGET_NAME)";
				SWIFT_VERSION = 4.2;
				TARGETED_DEVICE_FAMILY = "1,2";
				TEST_HOST = "$(BUILT_PRODUCTS_DIR)/TaskManager.app/TaskManager";
			};
			name = Release;
		};
		B318C4CF224302B2006E4232 /* Debug */ = {
			isa = XCBuildConfiguration;
			buildSettings = {
				ALWAYS_EMBED_SWIFT_STANDARD_LIBRARIES = YES;
				CODE_SIGN_STYLE = Automatic;
				DEVELOPMENT_TEAM = WSM8BL84QX;
				INFOPLIST_FILE = TaskManagerUITests/Info.plist;
				LD_RUNPATH_SEARCH_PATHS = (
					"$(inherited)",
					"@executable_path/Frameworks",
					"@loader_path/Frameworks",
				);
				PRODUCT_BUNDLE_IDENTIFIER = tk.TaskManagerUITests;
				PRODUCT_NAME = "$(TARGET_NAME)";
				SWIFT_VERSION = 4.2;
				TARGETED_DEVICE_FAMILY = "1,2";
				TEST_TARGET_NAME = TaskManager;
			};
			name = Debug;
		};
		B318C4D0224302B2006E4232 /* Release */ = {
			isa = XCBuildConfiguration;
			buildSettings = {
				ALWAYS_EMBED_SWIFT_STANDARD_LIBRARIES = YES;
				CODE_SIGN_STYLE = Automatic;
				DEVELOPMENT_TEAM = WSM8BL84QX;
				INFOPLIST_FILE = TaskManagerUITests/Info.plist;
				LD_RUNPATH_SEARCH_PATHS = (
					"$(inherited)",
					"@executable_path/Frameworks",
					"@loader_path/Frameworks",
				);
				PRODUCT_BUNDLE_IDENTIFIER = tk.TaskManagerUITests;
				PRODUCT_NAME = "$(TARGET_NAME)";
				SWIFT_VERSION = 4.2;
				TARGETED_DEVICE_FAMILY = "1,2";
				TEST_TARGET_NAME = TaskManager;
			};
			name = Release;
		};
/* End XCBuildConfiguration section */

/* Begin XCConfigurationList section */
		B318C499224302B0006E4232 /* Build configuration list for PBXProject "TaskManager" */ = {
			isa = XCConfigurationList;
			buildConfigurations = (
				B318C4C6224302B2006E4232 /* Debug */,
				B318C4C7224302B2006E4232 /* Release */,
			);
			defaultConfigurationIsVisible = 0;
			defaultConfigurationName = Release;
		};
		B318C4C8224302B2006E4232 /* Build configuration list for PBXNativeTarget "TaskManager" */ = {
			isa = XCConfigurationList;
			buildConfigurations = (
				B318C4C9224302B2006E4232 /* Debug */,
				B318C4CA224302B2006E4232 /* Release */,
			);
			defaultConfigurationIsVisible = 0;
			defaultConfigurationName = Release;
		};
		B318C4CB224302B2006E4232 /* Build configuration list for PBXNativeTarget "TaskManagerTests" */ = {
			isa = XCConfigurationList;
			buildConfigurations = (
				B318C4CC224302B2006E4232 /* Debug */,
				B318C4CD224302B2006E4232 /* Release */,
			);
			defaultConfigurationIsVisible = 0;
			defaultConfigurationName = Release;
		};
		B318C4CE224302B2006E4232 /* Build configuration list for PBXNativeTarget "TaskManagerUITests" */ = {
			isa = XCConfigurationList;
			buildConfigurations = (
				B318C4CF224302B2006E4232 /* Debug */,
				B318C4D0224302B2006E4232 /* Release */,
			);
			defaultConfigurationIsVisible = 0;
			defaultConfigurationName = Release;
		};
/* End XCConfigurationList section */
	};
	rootObject = B318C496224302B0006E4232 /* Project object */;
}
